// !$*UTF8*$!
{
	archiveVersion = 1;
	classes = {
	};
	objectVersion = 50;
	objects = {

/* Begin PBXBuildFile section */
		F5004C6725CE660000C79C50 /* UsersTableViewController.swift in Sources */ = {isa = PBXBuildFile; fileRef = F5004C6625CE660000C79C50 /* UsersTableViewController.swift */; };
		F5004C7125CE66FA00C79C50 /* UINavigationUtils.swift in Sources */ = {isa = PBXBuildFile; fileRef = F5004C7025CE66FA00C79C50 /* UINavigationUtils.swift */; };
		F51EE2DC2607B80E00BDD884 /* UserSession.swift in Sources */ = {isa = PBXBuildFile; fileRef = F51EE2DB2607B80E00BDD884 /* UserSession.swift */; };
		F51EE2E12607BF0700BDD884 /* VkApiProtocol.swift in Sources */ = {isa = PBXBuildFile; fileRef = F51EE2E02607BF0700BDD884 /* VkApiProtocol.swift */; };
		F51EE2E62607BFD200BDD884 /* VkApi.swift in Sources */ = {isa = PBXBuildFile; fileRef = F51EE2E52607BFD200BDD884 /* VkApi.swift */; };
		F51EE2EB2607CC0A00BDD884 /* LoginViewController.swift in Sources */ = {isa = PBXBuildFile; fileRef = F51EE2EA2607CC0900BDD884 /* LoginViewController.swift */; };
		F54B489425E41D1D00C7347D /* SinglePhotoViewController.swift in Sources */ = {isa = PBXBuildFile; fileRef = F54B489325E41D1D00C7347D /* SinglePhotoViewController.swift */; };
		F54CCDA025DD12F30017797F /* NewsCollectionViewController.swift in Sources */ = {isa = PBXBuildFile; fileRef = F54CCD9F25DD12F30017797F /* NewsCollectionViewController.swift */; };
		F54EFC4E25E3B6F100013698 /* SingleFriendColectionHeaderCell.swift in Sources */ = {isa = PBXBuildFile; fileRef = F54EFC4C25E3B6F100013698 /* SingleFriendColectionHeaderCell.swift */; };
		F54EFC4F25E3B6F100013698 /* SingleFriendColectionHeaderCell.xib in Resources */ = {isa = PBXBuildFile; fileRef = F54EFC4D25E3B6F100013698 /* SingleFriendColectionHeaderCell.xib */; };
		F54EFC5425E3D1CD00013698 /* PhotoCollectionViewCell.swift in Sources */ = {isa = PBXBuildFile; fileRef = F54EFC5325E3D1CD00013698 /* PhotoCollectionViewCell.swift */; };
		F54EFC5925E3D21E00013698 /* PhotoCollectionViewCell.xib in Resources */ = {isa = PBXBuildFile; fileRef = F54EFC5825E3D21E00013698 /* PhotoCollectionViewCell.xib */; };
		F5526F3025E447FC00734F07 /* ParallaxCollectionViewLayout.swift in Sources */ = {isa = PBXBuildFile; fileRef = F5526F2F25E447FC00734F07 /* ParallaxCollectionViewLayout.swift */; };
		F5526F3525E4490E00734F07 /* FadeCollectionViewLayout.swift in Sources */ = {isa = PBXBuildFile; fileRef = F5526F3425E4490E00734F07 /* FadeCollectionViewLayout.swift */; };
		F5526F3A25E4513300734F07 /* PhotoProvider.swift in Sources */ = {isa = PBXBuildFile; fileRef = F5526F3925E4513300734F07 /* PhotoProvider.swift */; };
		F552AB1D25F76B1C000BACE0 /* ExpandableCell.swift in Sources */ = {isa = PBXBuildFile; fileRef = F552AB1C25F76B1C000BACE0 /* ExpandableCell.swift */; };
		F552DC3A25CEEF2400F2633E /* GroupsTableViewCell.swift in Sources */ = {isa = PBXBuildFile; fileRef = F552DC3825CEEF2400F2633E /* GroupsTableViewCell.swift */; };
		F552DC3B25CEEF2400F2633E /* GroupsTableViewCell.xib in Resources */ = {isa = PBXBuildFile; fileRef = F552DC3925CEEF2400F2633E /* GroupsTableViewCell.xib */; };
		F554447425DFEDEC00AF3DE8 /* LoaderView.swift in Sources */ = {isa = PBXBuildFile; fileRef = F554447325DFEDEC00AF3DE8 /* LoaderView.swift */; };
		F554447925DFEDFB00AF3DE8 /* UILoaderView.xib in Resources */ = {isa = PBXBuildFile; fileRef = F554447825DFEDFB00AF3DE8 /* UILoaderView.xib */; };
		F554447E25DFF2CD00AF3DE8 /* BaseView.swift in Sources */ = {isa = PBXBuildFile; fileRef = F554447D25DFF2CD00AF3DE8 /* BaseView.swift */; };
		F554448325DFFEDE00AF3DE8 /* UILoaderItem.xib in Resources */ = {isa = PBXBuildFile; fileRef = F554448225DFFEDE00AF3DE8 /* UILoaderItem.xib */; };
		F554448825DFFEF900AF3DE8 /* LoaderItem.swift in Sources */ = {isa = PBXBuildFile; fileRef = F554448725DFFEF900AF3DE8 /* LoaderItem.swift */; };
		F554448D25E01DB300AF3DE8 /* Shape.swift in Sources */ = {isa = PBXBuildFile; fileRef = F554448C25E01DB300AF3DE8 /* Shape.swift */; };
		F554449225E022EE00AF3DE8 /* AnimationType.swift in Sources */ = {isa = PBXBuildFile; fileRef = F554449125E022EE00AF3DE8 /* AnimationType.swift */; };
		F5588B5F25F5596E00D809D6 /* SingleNewsViewController.swift in Sources */ = {isa = PBXBuildFile; fileRef = F5588B5E25F5596E00D809D6 /* SingleNewsViewController.swift */; };
		F55AF7C925DC029E00F53218 /* ShareButton.swift in Sources */ = {isa = PBXBuildFile; fileRef = F55AF7C825DC029E00F53218 /* ShareButton.swift */; };
		F55AF7CE25DC043500F53218 /* CommentButton.swift in Sources */ = {isa = PBXBuildFile; fileRef = F55AF7CD25DC043500F53218 /* CommentButton.swift */; };
		F55AF7D325DC04F300F53218 /* NewsProvider.swift in Sources */ = {isa = PBXBuildFile; fileRef = F55AF7D225DC04F300F53218 /* NewsProvider.swift */; };
		F55C6DCF25CDB39D007D608D /* AnimationUtil.swift in Sources */ = {isa = PBXBuildFile; fileRef = F55C6DCE25CDB39D007D608D /* AnimationUtil.swift */; };
		F55C6DD425CDB779007D608D /* BottomTabs.storyboard in Resources */ = {isa = PBXBuildFile; fileRef = F55C6DD325CDB779007D608D /* BottomTabs.storyboard */; };
		F55C6DD925CDB876007D608D /* BottomTabsViewController.swift in Sources */ = {isa = PBXBuildFile; fileRef = F55C6DD825CDB876007D608D /* BottomTabsViewController.swift */; };
		F55C6DDE25CDE64D007D608D /* GroupsTableViewController.swift in Sources */ = {isa = PBXBuildFile; fileRef = F55C6DDD25CDE64D007D608D /* GroupsTableViewController.swift */; };
		F55C6DF025CDF400007D608D /* GroupItemTableViewController.swift in Sources */ = {isa = PBXBuildFile; fileRef = F55C6DEF25CDF400007D608D /* GroupItemTableViewController.swift */; };
		F5689DAD25E8F7FE00C763EC /* FriendsNavigationViewController.swift in Sources */ = {isa = PBXBuildFile; fileRef = F5689DAC25E8F7FE00C763EC /* FriendsNavigationViewController.swift */; };
		F5689DB425E8F8F900C763EC /* NavigationAnimationPresent.swift in Sources */ = {isa = PBXBuildFile; fileRef = F5689DB325E8F8F900C763EC /* NavigationAnimationPresent.swift */; };
		F5689DB925E8F90D00C763EC /* NavigationAnimationDismiss.swift in Sources */ = {isa = PBXBuildFile; fileRef = F5689DB825E8F90D00C763EC /* NavigationAnimationDismiss.swift */; };
		F5689DBE25E8FB3500C763EC /* NavigationAnimationDelegate.swift in Sources */ = {isa = PBXBuildFile; fileRef = F5689DBD25E8FB3500C763EC /* NavigationAnimationDelegate.swift */; };
		F5689DC425E90A8C00C763EC /* TransitionPresent.swift in Sources */ = {isa = PBXBuildFile; fileRef = F5689DC325E90A8C00C763EC /* TransitionPresent.swift */; };
		F5689DC925E90A9E00C763EC /* TransitionDismiss.swift in Sources */ = {isa = PBXBuildFile; fileRef = F5689DC825E90A9E00C763EC /* TransitionDismiss.swift */; };
		F5689DCE25E90D4300C763EC /* TransitionDelegate.swift in Sources */ = {isa = PBXBuildFile; fileRef = F5689DCD25E90D4300C763EC /* TransitionDelegate.swift */; };
		F568B57825CF1E7000DAA783 /* VkUser.swift in Sources */ = {isa = PBXBuildFile; fileRef = F568B57725CF1E7000DAA783 /* VkUser.swift */; };
		F568B58125CF219300DAA783 /* UsersProvider.swift in Sources */ = {isa = PBXBuildFile; fileRef = F568B58025CF219300DAA783 /* UsersProvider.swift */; };
		F568B59025CF243C00DAA783 /* UserTableViewCell.swift in Sources */ = {isa = PBXBuildFile; fileRef = F568B58E25CF243C00DAA783 /* UserTableViewCell.swift */; };
		F568B59125CF243C00DAA783 /* UserTableViewCell.xib in Resources */ = {isa = PBXBuildFile; fileRef = F568B58F25CF243C00DAA783 /* UserTableViewCell.xib */; };
		F5749DA425D0049000431A38 /* VkGroup.swift in Sources */ = {isa = PBXBuildFile; fileRef = F5749DA325D0049000431A38 /* VkGroup.swift */; };
		F5749DA925D0071B00431A38 /* GroupsProvider.swift in Sources */ = {isa = PBXBuildFile; fileRef = F5749DA825D0071B00431A38 /* GroupsProvider.swift */; };
		F5749DAE25D01DC300431A38 /* ColorUtils.swift in Sources */ = {isa = PBXBuildFile; fileRef = F5749DAD25D01DC300431A38 /* ColorUtils.swift */; };
		F578D64025D8345000076191 /* LabledTableHeader.swift in Sources */ = {isa = PBXBuildFile; fileRef = F578D63F25D8345000076191 /* LabledTableHeader.swift */; };
		F578D64825D8348900076191 /* UILabledTableHeader.xib in Resources */ = {isa = PBXBuildFile; fileRef = F578D64725D8348900076191 /* UILabledTableHeader.xib */; };
		F584DFCD25D1B94000FCC692 /* SingleFriendViewController.swift in Sources */ = {isa = PBXBuildFile; fileRef = F584DFCC25D1B94000FCC692 /* SingleFriendViewController.swift */; };
		F58D10C825DD156F00782B9B /* NewsCollectionCell.swift in Sources */ = {isa = PBXBuildFile; fileRef = F58D10C725DD156F00782B9B /* NewsCollectionCell.swift */; };
		F58D10CD25DD161800782B9B /* UINewsCollectionCell.xib in Resources */ = {isa = PBXBuildFile; fileRef = F58D10CC25DD161800782B9B /* UINewsCollectionCell.xib */; };
		F593808025C5737300904E6A /* AppDelegate.swift in Sources */ = {isa = PBXBuildFile; fileRef = F593807F25C5737300904E6A /* AppDelegate.swift */; };
		F593808725C5737300904E6A /* Main.storyboard in Resources */ = {isa = PBXBuildFile; fileRef = F593808525C5737300904E6A /* Main.storyboard */; };
		F593808925C5737400904E6A /* Assets.xcassets in Resources */ = {isa = PBXBuildFile; fileRef = F593808825C5737400904E6A /* Assets.xcassets */; };
		F593808C25C5737400904E6A /* LaunchScreen.storyboard in Resources */ = {isa = PBXBuildFile; fileRef = F593808A25C5737400904E6A /* LaunchScreen.storyboard */; };
		F593809725C5737400904E6A /* iosuiTests.swift in Sources */ = {isa = PBXBuildFile; fileRef = F593809625C5737400904E6A /* iosuiTests.swift */; };
		F59380A225C5737400904E6A /* iosuiUITests.swift in Sources */ = {isa = PBXBuildFile; fileRef = F59380A125C5737400904E6A /* iosuiUITests.swift */; };
		F5B0C45525F575A00089D80C /* GestureRecognizer.swift in Sources */ = {isa = PBXBuildFile; fileRef = F5B0C45425F575A00089D80C /* GestureRecognizer.swift */; };
		F5C38FD125D271530008440A /* AvatarView.swift in Sources */ = {isa = PBXBuildFile; fileRef = F5C38FD025D271530008440A /* AvatarView.swift */; };
		F5C38FDE25D28E640008440A /* UIAvatarView.xib in Resources */ = {isa = PBXBuildFile; fileRef = F5C38FDD25D28E640008440A /* UIAvatarView.xib */; };
		F5C38FEA25D2B1780008440A /* ActionButton.swift in Sources */ = {isa = PBXBuildFile; fileRef = F5C38FE925D2B1780008440A /* ActionButton.swift */; };
		F5C38FF225D2B1880008440A /* UIActionButton.xib in Resources */ = {isa = PBXBuildFile; fileRef = F5C38FF125D2B1880008440A /* UIActionButton.xib */; };
		F5DC369B25D2D27800BBE3F5 /* LikeButton.swift in Sources */ = {isa = PBXBuildFile; fileRef = F5DC369A25D2D27800BBE3F5 /* LikeButton.swift */; };
		F5DC36A025D2D30800BBE3F5 /* UserInteractionListener.swift in Sources */ = {isa = PBXBuildFile; fileRef = F5DC369F25D2D30800BBE3F5 /* UserInteractionListener.swift */; };
/* End PBXBuildFile section */

/* Begin PBXContainerItemProxy section */
		F593809325C5737400904E6A /* PBXContainerItemProxy */ = {
			isa = PBXContainerItemProxy;
			containerPortal = F593807425C5737300904E6A /* Project object */;
			proxyType = 1;
			remoteGlobalIDString = F593807B25C5737300904E6A;
			remoteInfo = iosui;
		};
		F593809E25C5737400904E6A /* PBXContainerItemProxy */ = {
			isa = PBXContainerItemProxy;
			containerPortal = F593807425C5737300904E6A /* Project object */;
			proxyType = 1;
			remoteGlobalIDString = F593807B25C5737300904E6A;
			remoteInfo = iosui;
		};
/* End PBXContainerItemProxy section */

/* Begin PBXFileReference section */
		F5004C6625CE660000C79C50 /* UsersTableViewController.swift */ = {isa = PBXFileReference; lastKnownFileType = sourcecode.swift; path = UsersTableViewController.swift; sourceTree = "<group>"; };
		F5004C7025CE66FA00C79C50 /* UINavigationUtils.swift */ = {isa = PBXFileReference; lastKnownFileType = sourcecode.swift; path = UINavigationUtils.swift; sourceTree = "<group>"; };
		F51EE2DB2607B80E00BDD884 /* UserSession.swift */ = {isa = PBXFileReference; lastKnownFileType = sourcecode.swift; path = UserSession.swift; sourceTree = "<group>"; };
		F51EE2E02607BF0700BDD884 /* VkApiProtocol.swift */ = {isa = PBXFileReference; lastKnownFileType = sourcecode.swift; path = VkApiProtocol.swift; sourceTree = "<group>"; };
		F51EE2E52607BFD200BDD884 /* VkApi.swift */ = {isa = PBXFileReference; lastKnownFileType = sourcecode.swift; path = VkApi.swift; sourceTree = "<group>"; };
		F51EE2EA2607CC0900BDD884 /* LoginViewController.swift */ = {isa = PBXFileReference; lastKnownFileType = sourcecode.swift; path = LoginViewController.swift; sourceTree = "<group>"; };
		F54B489325E41D1D00C7347D /* SinglePhotoViewController.swift */ = {isa = PBXFileReference; lastKnownFileType = sourcecode.swift; path = SinglePhotoViewController.swift; sourceTree = "<group>"; };
		F54CCD9F25DD12F30017797F /* NewsCollectionViewController.swift */ = {isa = PBXFileReference; lastKnownFileType = sourcecode.swift; path = NewsCollectionViewController.swift; sourceTree = "<group>"; };
		F54EFC4C25E3B6F100013698 /* SingleFriendColectionHeaderCell.swift */ = {isa = PBXFileReference; lastKnownFileType = sourcecode.swift; path = SingleFriendColectionHeaderCell.swift; sourceTree = "<group>"; };
		F54EFC4D25E3B6F100013698 /* SingleFriendColectionHeaderCell.xib */ = {isa = PBXFileReference; lastKnownFileType = file.xib; path = SingleFriendColectionHeaderCell.xib; sourceTree = "<group>"; };
		F54EFC5325E3D1CD00013698 /* PhotoCollectionViewCell.swift */ = {isa = PBXFileReference; lastKnownFileType = sourcecode.swift; path = PhotoCollectionViewCell.swift; sourceTree = "<group>"; };
		F54EFC5825E3D21E00013698 /* PhotoCollectionViewCell.xib */ = {isa = PBXFileReference; lastKnownFileType = file.xib; path = PhotoCollectionViewCell.xib; sourceTree = "<group>"; };
		F5526F2F25E447FC00734F07 /* ParallaxCollectionViewLayout.swift */ = {isa = PBXFileReference; lastKnownFileType = sourcecode.swift; path = ParallaxCollectionViewLayout.swift; sourceTree = "<group>"; };
		F5526F3425E4490E00734F07 /* FadeCollectionViewLayout.swift */ = {isa = PBXFileReference; lastKnownFileType = sourcecode.swift; path = FadeCollectionViewLayout.swift; sourceTree = "<group>"; };
		F5526F3925E4513300734F07 /* PhotoProvider.swift */ = {isa = PBXFileReference; lastKnownFileType = sourcecode.swift; path = PhotoProvider.swift; sourceTree = "<group>"; };
		F552AB1C25F76B1C000BACE0 /* ExpandableCell.swift */ = {isa = PBXFileReference; lastKnownFileType = sourcecode.swift; path = ExpandableCell.swift; sourceTree = "<group>"; };
		F552DC3825CEEF2400F2633E /* GroupsTableViewCell.swift */ = {isa = PBXFileReference; lastKnownFileType = sourcecode.swift; path = GroupsTableViewCell.swift; sourceTree = "<group>"; };
		F552DC3925CEEF2400F2633E /* GroupsTableViewCell.xib */ = {isa = PBXFileReference; lastKnownFileType = file.xib; path = GroupsTableViewCell.xib; sourceTree = "<group>"; };
		F554447325DFEDEC00AF3DE8 /* LoaderView.swift */ = {isa = PBXFileReference; lastKnownFileType = sourcecode.swift; path = LoaderView.swift; sourceTree = "<group>"; };
		F554447825DFEDFB00AF3DE8 /* UILoaderView.xib */ = {isa = PBXFileReference; lastKnownFileType = file.xib; path = UILoaderView.xib; sourceTree = "<group>"; };
		F554447D25DFF2CD00AF3DE8 /* BaseView.swift */ = {isa = PBXFileReference; lastKnownFileType = sourcecode.swift; path = BaseView.swift; sourceTree = "<group>"; };
		F554448225DFFEDE00AF3DE8 /* UILoaderItem.xib */ = {isa = PBXFileReference; lastKnownFileType = file.xib; path = UILoaderItem.xib; sourceTree = "<group>"; };
		F554448725DFFEF900AF3DE8 /* LoaderItem.swift */ = {isa = PBXFileReference; lastKnownFileType = sourcecode.swift; path = LoaderItem.swift; sourceTree = "<group>"; };
		F554448C25E01DB300AF3DE8 /* Shape.swift */ = {isa = PBXFileReference; lastKnownFileType = sourcecode.swift; path = Shape.swift; sourceTree = "<group>"; };
		F554449125E022EE00AF3DE8 /* AnimationType.swift */ = {isa = PBXFileReference; lastKnownFileType = sourcecode.swift; path = AnimationType.swift; sourceTree = "<group>"; };
		F5588B5E25F5596E00D809D6 /* SingleNewsViewController.swift */ = {isa = PBXFileReference; lastKnownFileType = sourcecode.swift; path = SingleNewsViewController.swift; sourceTree = "<group>"; };
		F55AF7C825DC029E00F53218 /* ShareButton.swift */ = {isa = PBXFileReference; lastKnownFileType = sourcecode.swift; path = ShareButton.swift; sourceTree = "<group>"; };
		F55AF7CD25DC043500F53218 /* CommentButton.swift */ = {isa = PBXFileReference; lastKnownFileType = sourcecode.swift; path = CommentButton.swift; sourceTree = "<group>"; };
		F55AF7D225DC04F300F53218 /* NewsProvider.swift */ = {isa = PBXFileReference; lastKnownFileType = sourcecode.swift; path = NewsProvider.swift; sourceTree = "<group>"; };
		F55C6DCE25CDB39D007D608D /* AnimationUtil.swift */ = {isa = PBXFileReference; lastKnownFileType = sourcecode.swift; path = AnimationUtil.swift; sourceTree = "<group>"; };
		F55C6DD325CDB779007D608D /* BottomTabs.storyboard */ = {isa = PBXFileReference; lastKnownFileType = file.storyboard; path = BottomTabs.storyboard; sourceTree = "<group>"; };
		F55C6DD825CDB876007D608D /* BottomTabsViewController.swift */ = {isa = PBXFileReference; lastKnownFileType = sourcecode.swift; path = BottomTabsViewController.swift; sourceTree = "<group>"; };
		F55C6DDD25CDE64D007D608D /* GroupsTableViewController.swift */ = {isa = PBXFileReference; lastKnownFileType = sourcecode.swift; path = GroupsTableViewController.swift; sourceTree = "<group>"; };
		F55C6DEF25CDF400007D608D /* GroupItemTableViewController.swift */ = {isa = PBXFileReference; lastKnownFileType = sourcecode.swift; path = GroupItemTableViewController.swift; sourceTree = "<group>"; };
		F5689DAC25E8F7FE00C763EC /* FriendsNavigationViewController.swift */ = {isa = PBXFileReference; lastKnownFileType = sourcecode.swift; path = FriendsNavigationViewController.swift; sourceTree = "<group>"; };
		F5689DB325E8F8F900C763EC /* NavigationAnimationPresent.swift */ = {isa = PBXFileReference; lastKnownFileType = sourcecode.swift; path = NavigationAnimationPresent.swift; sourceTree = "<group>"; };
		F5689DB825E8F90D00C763EC /* NavigationAnimationDismiss.swift */ = {isa = PBXFileReference; lastKnownFileType = sourcecode.swift; path = NavigationAnimationDismiss.swift; sourceTree = "<group>"; };
		F5689DBD25E8FB3500C763EC /* NavigationAnimationDelegate.swift */ = {isa = PBXFileReference; lastKnownFileType = sourcecode.swift; path = NavigationAnimationDelegate.swift; sourceTree = "<group>"; };
		F5689DC325E90A8C00C763EC /* TransitionPresent.swift */ = {isa = PBXFileReference; lastKnownFileType = sourcecode.swift; path = TransitionPresent.swift; sourceTree = "<group>"; };
		F5689DC825E90A9E00C763EC /* TransitionDismiss.swift */ = {isa = PBXFileReference; lastKnownFileType = sourcecode.swift; path = TransitionDismiss.swift; sourceTree = "<group>"; };
		F5689DCD25E90D4300C763EC /* TransitionDelegate.swift */ = {isa = PBXFileReference; lastKnownFileType = sourcecode.swift; path = TransitionDelegate.swift; sourceTree = "<group>"; };
		F568B57725CF1E7000DAA783 /* VkUser.swift */ = {isa = PBXFileReference; lastKnownFileType = sourcecode.swift; path = VkUser.swift; sourceTree = "<group>"; };
		F568B58025CF219300DAA783 /* UsersProvider.swift */ = {isa = PBXFileReference; lastKnownFileType = sourcecode.swift; path = UsersProvider.swift; sourceTree = "<group>"; };
		F568B58E25CF243C00DAA783 /* UserTableViewCell.swift */ = {isa = PBXFileReference; lastKnownFileType = sourcecode.swift; path = UserTableViewCell.swift; sourceTree = "<group>"; };
		F568B58F25CF243C00DAA783 /* UserTableViewCell.xib */ = {isa = PBXFileReference; lastKnownFileType = file.xib; path = UserTableViewCell.xib; sourceTree = "<group>"; };
		F5749DA325D0049000431A38 /* VkGroup.swift */ = {isa = PBXFileReference; lastKnownFileType = sourcecode.swift; path = VkGroup.swift; sourceTree = "<group>"; };
		F5749DA825D0071B00431A38 /* GroupsProvider.swift */ = {isa = PBXFileReference; lastKnownFileType = sourcecode.swift; path = GroupsProvider.swift; sourceTree = "<group>"; };
		F5749DAD25D01DC300431A38 /* ColorUtils.swift */ = {isa = PBXFileReference; lastKnownFileType = sourcecode.swift; path = ColorUtils.swift; sourceTree = "<group>"; };
		F578D63F25D8345000076191 /* LabledTableHeader.swift */ = {isa = PBXFileReference; lastKnownFileType = sourcecode.swift; path = LabledTableHeader.swift; sourceTree = "<group>"; };
		F578D64725D8348900076191 /* UILabledTableHeader.xib */ = {isa = PBXFileReference; lastKnownFileType = file.xib; path = UILabledTableHeader.xib; sourceTree = "<group>"; };
		F584DFCC25D1B94000FCC692 /* SingleFriendViewController.swift */ = {isa = PBXFileReference; lastKnownFileType = sourcecode.swift; path = SingleFriendViewController.swift; sourceTree = "<group>"; };
		F58D10C725DD156F00782B9B /* NewsCollectionCell.swift */ = {isa = PBXFileReference; lastKnownFileType = sourcecode.swift; path = NewsCollectionCell.swift; sourceTree = "<group>"; };
		F58D10CC25DD161800782B9B /* UINewsCollectionCell.xib */ = {isa = PBXFileReference; lastKnownFileType = file.xib; path = UINewsCollectionCell.xib; sourceTree = "<group>"; };
		F593807C25C5737300904E6A /* iosui.app */ = {isa = PBXFileReference; explicitFileType = wrapper.application; includeInIndex = 0; path = iosui.app; sourceTree = BUILT_PRODUCTS_DIR; };
		F593807F25C5737300904E6A /* AppDelegate.swift */ = {isa = PBXFileReference; lastKnownFileType = sourcecode.swift; path = AppDelegate.swift; sourceTree = "<group>"; };
		F593808625C5737300904E6A /* Base */ = {isa = PBXFileReference; lastKnownFileType = file.storyboard; name = Base; path = Base.lproj/Main.storyboard; sourceTree = "<group>"; };
		F593808825C5737400904E6A /* Assets.xcassets */ = {isa = PBXFileReference; lastKnownFileType = folder.assetcatalog; path = Assets.xcassets; sourceTree = "<group>"; };
		F593808B25C5737400904E6A /* Base */ = {isa = PBXFileReference; lastKnownFileType = file.storyboard; name = Base; path = Base.lproj/LaunchScreen.storyboard; sourceTree = "<group>"; };
		F593808D25C5737400904E6A /* Info.plist */ = {isa = PBXFileReference; lastKnownFileType = text.plist.xml; path = Info.plist; sourceTree = "<group>"; };
		F593809225C5737400904E6A /* iosuiTests.xctest */ = {isa = PBXFileReference; explicitFileType = wrapper.cfbundle; includeInIndex = 0; path = iosuiTests.xctest; sourceTree = BUILT_PRODUCTS_DIR; };
		F593809625C5737400904E6A /* iosuiTests.swift */ = {isa = PBXFileReference; lastKnownFileType = sourcecode.swift; path = iosuiTests.swift; sourceTree = "<group>"; };
		F593809825C5737400904E6A /* Info.plist */ = {isa = PBXFileReference; lastKnownFileType = text.plist.xml; path = Info.plist; sourceTree = "<group>"; };
		F593809D25C5737400904E6A /* iosuiUITests.xctest */ = {isa = PBXFileReference; explicitFileType = wrapper.cfbundle; includeInIndex = 0; path = iosuiUITests.xctest; sourceTree = BUILT_PRODUCTS_DIR; };
		F59380A125C5737400904E6A /* iosuiUITests.swift */ = {isa = PBXFileReference; lastKnownFileType = sourcecode.swift; path = iosuiUITests.swift; sourceTree = "<group>"; };
		F59380A325C5737400904E6A /* Info.plist */ = {isa = PBXFileReference; lastKnownFileType = text.plist.xml; path = Info.plist; sourceTree = "<group>"; };
		F5B0C45425F575A00089D80C /* GestureRecognizer.swift */ = {isa = PBXFileReference; lastKnownFileType = sourcecode.swift; path = GestureRecognizer.swift; sourceTree = "<group>"; };
		F5C38FD025D271530008440A /* AvatarView.swift */ = {isa = PBXFileReference; lastKnownFileType = sourcecode.swift; path = AvatarView.swift; sourceTree = "<group>"; };
		F5C38FDD25D28E640008440A /* UIAvatarView.xib */ = {isa = PBXFileReference; lastKnownFileType = file.xib; path = UIAvatarView.xib; sourceTree = "<group>"; };
		F5C38FE925D2B1780008440A /* ActionButton.swift */ = {isa = PBXFileReference; lastKnownFileType = sourcecode.swift; path = ActionButton.swift; sourceTree = "<group>"; };
		F5C38FF125D2B1880008440A /* UIActionButton.xib */ = {isa = PBXFileReference; lastKnownFileType = file.xib; path = UIActionButton.xib; sourceTree = "<group>"; };
		F5DC369A25D2D27800BBE3F5 /* LikeButton.swift */ = {isa = PBXFileReference; lastKnownFileType = sourcecode.swift; path = LikeButton.swift; sourceTree = "<group>"; };
		F5DC369F25D2D30800BBE3F5 /* UserInteractionListener.swift */ = {isa = PBXFileReference; lastKnownFileType = sourcecode.swift; path = UserInteractionListener.swift; sourceTree = "<group>"; };
/* End PBXFileReference section */

/* Begin PBXFrameworksBuildPhase section */
		F593807925C5737300904E6A /* Frameworks */ = {
			isa = PBXFrameworksBuildPhase;
			buildActionMask = 2147483647;
			files = (
			);
			runOnlyForDeploymentPostprocessing = 0;
		};
		F593808F25C5737400904E6A /* Frameworks */ = {
			isa = PBXFrameworksBuildPhase;
			buildActionMask = 2147483647;
			files = (
			);
			runOnlyForDeploymentPostprocessing = 0;
		};
		F593809A25C5737400904E6A /* Frameworks */ = {
			isa = PBXFrameworksBuildPhase;
			buildActionMask = 2147483647;
			files = (
			);
			runOnlyForDeploymentPostprocessing = 0;
		};
/* End PBXFrameworksBuildPhase section */

/* Begin PBXGroup section */
		F51EE2D72607B7CA00BDD884 /* web */ = {
			isa = PBXGroup;
			children = (
				F51EE2DB2607B80E00BDD884 /* UserSession.swift */,
				F51EE2E02607BF0700BDD884 /* VkApiProtocol.swift */,
				F51EE2E52607BFD200BDD884 /* VkApi.swift */,
			);
			path = web;
			sourceTree = "<group>";
		};
		F54B489225E41CF200C7347D /* single_photo */ = {
			isa = PBXGroup;
			children = (
				F54B489325E41D1D00C7347D /* SinglePhotoViewController.swift */,
			);
			path = single_photo;
			sourceTree = "<group>";
		};
		F54EFC6025E3E58100013698 /* friend_photo */ = {
			isa = PBXGroup;
			children = (
				F54B489225E41CF200C7347D /* single_photo */,
				F54EFC5325E3D1CD00013698 /* PhotoCollectionViewCell.swift */,
				F54EFC5825E3D21E00013698 /* PhotoCollectionViewCell.xib */,
			);
			path = friend_photo;
			sourceTree = "<group>";
		};
		F552DC3725CEEEF900F2633E /* groups_view */ = {
			isa = PBXGroup;
			children = (
				F55C6DDD25CDE64D007D608D /* GroupsTableViewController.swift */,
				F55C6DEF25CDF400007D608D /* GroupItemTableViewController.swift */,
				F552DC3825CEEF2400F2633E /* GroupsTableViewCell.swift */,
				F552DC3925CEEF2400F2633E /* GroupsTableViewCell.xib */,
			);
			path = groups_view;
			sourceTree = "<group>";
		};
		F552DC3F25CEF01200F2633E /* login */ = {
			isa = PBXGroup;
			children = (
				F593808525C5737300904E6A /* Main.storyboard */,
				F593808A25C5737400904E6A /* LaunchScreen.storyboard */,
				F51EE2EA2607CC0900BDD884 /* LoginViewController.swift */,
			);
			path = login;
			sourceTree = "<group>";
		};
		F554447025DFED8E00AF3DE8 /* root */ = {
			isa = PBXGroup;
			children = (
				F5DC369F25D2D30800BBE3F5 /* UserInteractionListener.swift */,
				F5C38FE925D2B1780008440A /* ActionButton.swift */,
				F5C38FF125D2B1880008440A /* UIActionButton.xib */,
			);
			path = root;
			sourceTree = "<group>";
		};
		F554447125DFEDB000AF3DE8 /* avatar */ = {
			isa = PBXGroup;
			children = (
				F5C38FD025D271530008440A /* AvatarView.swift */,
				F5C38FDD25D28E640008440A /* UIAvatarView.xib */,
			);
			path = avatar;
			sourceTree = "<group>";
		};
		F554447225DFEDC200AF3DE8 /* loader */ = {
			isa = PBXGroup;
			children = (
				F554447325DFEDEC00AF3DE8 /* LoaderView.swift */,
				F554447825DFEDFB00AF3DE8 /* UILoaderView.xib */,
				F554448225DFFEDE00AF3DE8 /* UILoaderItem.xib */,
				F554448725DFFEF900AF3DE8 /* LoaderItem.swift */,
				F554448C25E01DB300AF3DE8 /* Shape.swift */,
			);
			path = loader;
			sourceTree = "<group>";
		};
		F55AF7BA25DBCD6C00F53218 /* news_view */ = {
			isa = PBXGroup;
			children = (
				F55AF7C025DBCE2700F53218 /* news_cells */,
				F54CCD9F25DD12F30017797F /* NewsCollectionViewController.swift */,
				F5588B5E25F5596E00D809D6 /* SingleNewsViewController.swift */,
			);
			path = news_view;
			sourceTree = "<group>";
		};
		F55AF7C025DBCE2700F53218 /* news_cells */ = {
			isa = PBXGroup;
			children = (
				F58D10C725DD156F00782B9B /* NewsCollectionCell.swift */,
				F58D10CC25DD161800782B9B /* UINewsCollectionCell.xib */,
			);
			path = news_cells;
			sourceTree = "<group>";
		};
		F5689DB125E8F8B900C763EC /* animations */ = {
			isa = PBXGroup;
			children = (
				F5689DC225E90A6300C763EC /* transition_animation */,
				F5689DB225E8F8CC00C763EC /* navigation_animation */,
			);
			path = animations;
			sourceTree = "<group>";
		};
		F5689DB225E8F8CC00C763EC /* navigation_animation */ = {
			isa = PBXGroup;
			children = (
				F5689DB325E8F8F900C763EC /* NavigationAnimationPresent.swift */,
				F5689DB825E8F90D00C763EC /* NavigationAnimationDismiss.swift */,
				F5689DBD25E8FB3500C763EC /* NavigationAnimationDelegate.swift */,
			);
			path = navigation_animation;
			sourceTree = "<group>";
		};
		F5689DC225E90A6300C763EC /* transition_animation */ = {
			isa = PBXGroup;
			children = (
				F5689DC325E90A8C00C763EC /* TransitionPresent.swift */,
				F5689DC825E90A9E00C763EC /* TransitionDismiss.swift */,
				F5689DCD25E90D4300C763EC /* TransitionDelegate.swift */,
			);
			path = transition_animation;
			sourceTree = "<group>";
		};
		F568B57525CF1E4800DAA783 /* core */ = {
			isa = PBXGroup;
			children = (
				F51EE2D72607B7CA00BDD884 /* web */,
				F568B57F25CF217800DAA783 /* data_providers */,
				F568B57625CF1E5A00DAA783 /* model */,
			);
			path = core;
			sourceTree = "<group>";
		};
		F568B57625CF1E5A00DAA783 /* model */ = {
			isa = PBXGroup;
			children = (
				F568B57725CF1E7000DAA783 /* VkUser.swift */,
				F5749DA325D0049000431A38 /* VkGroup.swift */,
			);
			path = model;
			sourceTree = "<group>";
		};
		F568B57F25CF217800DAA783 /* data_providers */ = {
			isa = PBXGroup;
			children = (
				F568B58025CF219300DAA783 /* UsersProvider.swift */,
				F5749DA825D0071B00431A38 /* GroupsProvider.swift */,
				F55AF7D225DC04F300F53218 /* NewsProvider.swift */,
				F5526F3925E4513300734F07 /* PhotoProvider.swift */,
			);
			path = data_providers;
			sourceTree = "<group>";
		};
		F568B58825CF235400DAA783 /* users_view */ = {
			isa = PBXGroup;
			children = (
				F584DFCB25D1B8DF00FCC692 /* single_friend_view */,
				F5004C6625CE660000C79C50 /* UsersTableViewController.swift */,
				F568B58E25CF243C00DAA783 /* UserTableViewCell.swift */,
				F568B58F25CF243C00DAA783 /* UserTableViewCell.xib */,
				F5689DAC25E8F7FE00C763EC /* FriendsNavigationViewController.swift */,
			);
			path = users_view;
			sourceTree = "<group>";
		};
		F568B58925CF23BB00DAA783 /* main_view */ = {
			isa = PBXGroup;
			children = (
				F55C6DD825CDB876007D608D /* BottomTabsViewController.swift */,
				F55C6DD325CDB779007D608D /* BottomTabs.storyboard */,
				F55AF7BA25DBCD6C00F53218 /* news_view */,
				F552DC3725CEEEF900F2633E /* groups_view */,
				F568B58825CF235400DAA783 /* users_view */,
			);
			path = main_view;
			sourceTree = "<group>";
		};
		F568B58A25CF23F000DAA783 /* utils */ = {
			isa = PBXGroup;
			children = (
				F5689DB125E8F8B900C763EC /* animations */,
				F55C6DCE25CDB39D007D608D /* AnimationUtil.swift */,
				F5004C7025CE66FA00C79C50 /* UINavigationUtils.swift */,
				F5749DAD25D01DC300431A38 /* ColorUtils.swift */,
				F554449125E022EE00AF3DE8 /* AnimationType.swift */,
				F5526F2F25E447FC00734F07 /* ParallaxCollectionViewLayout.swift */,
				F5526F3425E4490E00734F07 /* FadeCollectionViewLayout.swift */,
				F5B0C45425F575A00089D80C /* GestureRecognizer.swift */,
			);
			path = utils;
			sourceTree = "<group>";
		};
		F578D63D25D8342500076191 /* table_headers */ = {
			isa = PBXGroup;
			children = (
				F578D63E25D8343200076191 /* labled */,
			);
			path = table_headers;
			sourceTree = "<group>";
		};
		F578D63E25D8343200076191 /* labled */ = {
			isa = PBXGroup;
			children = (
				F578D63F25D8345000076191 /* LabledTableHeader.swift */,
				F578D64725D8348900076191 /* UILabledTableHeader.xib */,
			);
			path = labled;
			sourceTree = "<group>";
		};
		F584DFCB25D1B8DF00FCC692 /* single_friend_view */ = {
			isa = PBXGroup;
			children = (
				F54EFC6025E3E58100013698 /* friend_photo */,
				F584DFCC25D1B94000FCC692 /* SingleFriendViewController.swift */,
				F54EFC4C25E3B6F100013698 /* SingleFriendColectionHeaderCell.swift */,
				F54EFC4D25E3B6F100013698 /* SingleFriendColectionHeaderCell.xib */,
			);
			path = single_friend_view;
			sourceTree = "<group>";
		};
		F584DFD125D1BAC800FCC692 /* custom_views */ = {
			isa = PBXGroup;
			children = (
				F554447225DFEDC200AF3DE8 /* loader */,
				F554447125DFEDB000AF3DE8 /* avatar */,
				F578D63D25D8342500076191 /* table_headers */,
				F5C38FE825D2B1560008440A /* action_button */,
				F554447D25DFF2CD00AF3DE8 /* BaseView.swift */,
				F552AB1C25F76B1C000BACE0 /* ExpandableCell.swift */,
			);
			path = custom_views;
			sourceTree = "<group>";
		};
		F593807325C5737300904E6A = {
			isa = PBXGroup;
			children = (
				F593807E25C5737300904E6A /* iosui */,
				F593809525C5737400904E6A /* iosuiTests */,
				F59380A025C5737400904E6A /* iosuiUITests */,
				F593807D25C5737300904E6A /* Products */,
			);
			sourceTree = "<group>";
		};
		F593807D25C5737300904E6A /* Products */ = {
			isa = PBXGroup;
			children = (
				F593807C25C5737300904E6A /* iosui.app */,
				F593809225C5737400904E6A /* iosuiTests.xctest */,
				F593809D25C5737400904E6A /* iosuiUITests.xctest */,
			);
			name = Products;
			sourceTree = "<group>";
		};
		F593807E25C5737300904E6A /* iosui */ = {
			isa = PBXGroup;
			children = (
				F584DFD125D1BAC800FCC692 /* custom_views */,
				F552DC3F25CEF01200F2633E /* login */,
				F568B58925CF23BB00DAA783 /* main_view */,
				F568B57525CF1E4800DAA783 /* core */,
				F568B58A25CF23F000DAA783 /* utils */,
				F593807F25C5737300904E6A /* AppDelegate.swift */,
				F593808825C5737400904E6A /* Assets.xcassets */,
				F593808D25C5737400904E6A /* Info.plist */,
			);
			path = iosui;
			sourceTree = "<group>";
		};
		F593809525C5737400904E6A /* iosuiTests */ = {
			isa = PBXGroup;
			children = (
				F593809625C5737400904E6A /* iosuiTests.swift */,
				F593809825C5737400904E6A /* Info.plist */,
			);
			path = iosuiTests;
			sourceTree = "<group>";
		};
		F59380A025C5737400904E6A /* iosuiUITests */ = {
			isa = PBXGroup;
			children = (
				F59380A125C5737400904E6A /* iosuiUITests.swift */,
				F59380A325C5737400904E6A /* Info.plist */,
			);
			path = iosuiUITests;
			sourceTree = "<group>";
		};
		F5C38FE825D2B1560008440A /* action_button */ = {
			isa = PBXGroup;
			children = (
				F554447025DFED8E00AF3DE8 /* root */,
				F5DC369A25D2D27800BBE3F5 /* LikeButton.swift */,
				F55AF7C825DC029E00F53218 /* ShareButton.swift */,
				F55AF7CD25DC043500F53218 /* CommentButton.swift */,
			);
			path = action_button;
			sourceTree = "<group>";
		};
/* End PBXGroup section */

/* Begin PBXNativeTarget section */
		F593807B25C5737300904E6A /* iosui */ = {
			isa = PBXNativeTarget;
			buildConfigurationList = F59380A625C5737400904E6A /* Build configuration list for PBXNativeTarget "iosui" */;
			buildPhases = (
				F593807825C5737300904E6A /* Sources */,
				F593807925C5737300904E6A /* Frameworks */,
				F593807A25C5737300904E6A /* Resources */,
			);
			buildRules = (
			);
			dependencies = (
			);
			name = iosui;
			productName = iosui;
			productReference = F593807C25C5737300904E6A /* iosui.app */;
			productType = "com.apple.product-type.application";
		};
		F593809125C5737400904E6A /* iosuiTests */ = {
			isa = PBXNativeTarget;
			buildConfigurationList = F59380A925C5737400904E6A /* Build configuration list for PBXNativeTarget "iosuiTests" */;
			buildPhases = (
				F593808E25C5737400904E6A /* Sources */,
				F593808F25C5737400904E6A /* Frameworks */,
				F593809025C5737400904E6A /* Resources */,
			);
			buildRules = (
			);
			dependencies = (
				F593809425C5737400904E6A /* PBXTargetDependency */,
			);
			name = iosuiTests;
			productName = iosuiTests;
			productReference = F593809225C5737400904E6A /* iosuiTests.xctest */;
			productType = "com.apple.product-type.bundle.unit-test";
		};
		F593809C25C5737400904E6A /* iosuiUITests */ = {
			isa = PBXNativeTarget;
			buildConfigurationList = F59380AC25C5737400904E6A /* Build configuration list for PBXNativeTarget "iosuiUITests" */;
			buildPhases = (
				F593809925C5737400904E6A /* Sources */,
				F593809A25C5737400904E6A /* Frameworks */,
				F593809B25C5737400904E6A /* Resources */,
			);
			buildRules = (
			);
			dependencies = (
				F593809F25C5737400904E6A /* PBXTargetDependency */,
			);
			name = iosuiUITests;
			productName = iosuiUITests;
			productReference = F593809D25C5737400904E6A /* iosuiUITests.xctest */;
			productType = "com.apple.product-type.bundle.ui-testing";
		};
/* End PBXNativeTarget section */

/* Begin PBXProject section */
		F593807425C5737300904E6A /* Project object */ = {
			isa = PBXProject;
			attributes = {
				LastSwiftUpdateCheck = 1220;
				LastUpgradeCheck = 1220;
				TargetAttributes = {
					F593807B25C5737300904E6A = {
						CreatedOnToolsVersion = 12.2;
					};
					F593809125C5737400904E6A = {
						CreatedOnToolsVersion = 12.2;
						TestTargetID = F593807B25C5737300904E6A;
					};
					F593809C25C5737400904E6A = {
						CreatedOnToolsVersion = 12.2;
						TestTargetID = F593807B25C5737300904E6A;
					};
				};
			};
			buildConfigurationList = F593807725C5737300904E6A /* Build configuration list for PBXProject "iosui" */;
			compatibilityVersion = "Xcode 9.3";
			developmentRegion = en;
			hasScannedForEncodings = 0;
			knownRegions = (
				en,
				Base,
			);
			mainGroup = F593807325C5737300904E6A;
			productRefGroup = F593807D25C5737300904E6A /* Products */;
			projectDirPath = "";
			projectRoot = "";
			targets = (
				F593807B25C5737300904E6A /* iosui */,
				F593809125C5737400904E6A /* iosuiTests */,
				F593809C25C5737400904E6A /* iosuiUITests */,
			);
		};
/* End PBXProject section */

/* Begin PBXResourcesBuildPhase section */
		F593807A25C5737300904E6A /* Resources */ = {
			isa = PBXResourcesBuildPhase;
			buildActionMask = 2147483647;
			files = (
				F593808C25C5737400904E6A /* LaunchScreen.storyboard in Resources */,
				F554447925DFEDFB00AF3DE8 /* UILoaderView.xib in Resources */,
				F593808925C5737400904E6A /* Assets.xcassets in Resources */,
				F554448325DFFEDE00AF3DE8 /* UILoaderItem.xib in Resources */,
				F552DC3B25CEEF2400F2633E /* GroupsTableViewCell.xib in Resources */,
				F54EFC5925E3D21E00013698 /* PhotoCollectionViewCell.xib in Resources */,
				F5C38FF225D2B1880008440A /* UIActionButton.xib in Resources */,
				F58D10CD25DD161800782B9B /* UINewsCollectionCell.xib in Resources */,
				F578D64825D8348900076191 /* UILabledTableHeader.xib in Resources */,
				F54EFC4F25E3B6F100013698 /* SingleFriendColectionHeaderCell.xib in Resources */,
				F5C38FDE25D28E640008440A /* UIAvatarView.xib in Resources */,
				F593808725C5737300904E6A /* Main.storyboard in Resources */,
				F568B59125CF243C00DAA783 /* UserTableViewCell.xib in Resources */,
				F55C6DD425CDB779007D608D /* BottomTabs.storyboard in Resources */,
			);
			runOnlyForDeploymentPostprocessing = 0;
		};
		F593809025C5737400904E6A /* Resources */ = {
			isa = PBXResourcesBuildPhase;
			buildActionMask = 2147483647;
			files = (
			);
			runOnlyForDeploymentPostprocessing = 0;
		};
		F593809B25C5737400904E6A /* Resources */ = {
			isa = PBXResourcesBuildPhase;
			buildActionMask = 2147483647;
			files = (
			);
			runOnlyForDeploymentPostprocessing = 0;
		};
/* End PBXResourcesBuildPhase section */

/* Begin PBXSourcesBuildPhase section */
		F593807825C5737300904E6A /* Sources */ = {
			isa = PBXSourcesBuildPhase;
			buildActionMask = 2147483647;
			files = (
				F55C6DCF25CDB39D007D608D /* AnimationUtil.swift in Sources */,
				F54CCDA025DD12F30017797F /* NewsCollectionViewController.swift in Sources */,
				F578D64025D8345000076191 /* LabledTableHeader.swift in Sources */,
				F554447425DFEDEC00AF3DE8 /* LoaderView.swift in Sources */,
				F51EE2E12607BF0700BDD884 /* VkApiProtocol.swift in Sources */,
				F55AF7C925DC029E00F53218 /* ShareButton.swift in Sources */,
				F55C6DDE25CDE64D007D608D /* GroupsTableViewController.swift in Sources */,
				F593808025C5737300904E6A /* AppDelegate.swift in Sources */,
				F5689DC425E90A8C00C763EC /* TransitionPresent.swift in Sources */,
				F5689DC925E90A9E00C763EC /* TransitionDismiss.swift in Sources */,
				F5DC369B25D2D27800BBE3F5 /* LikeButton.swift in Sources */,
				F5DC36A025D2D30800BBE3F5 /* UserInteractionListener.swift in Sources */,
				F54EFC5425E3D1CD00013698 /* PhotoCollectionViewCell.swift in Sources */,
				F568B59025CF243C00DAA783 /* UserTableViewCell.swift in Sources */,
				F5526F3525E4490E00734F07 /* FadeCollectionViewLayout.swift in Sources */,
				F51EE2DC2607B80E00BDD884 /* UserSession.swift in Sources */,
				F5C38FEA25D2B1780008440A /* ActionButton.swift in Sources */,
				F5689DB925E8F90D00C763EC /* NavigationAnimationDismiss.swift in Sources */,
				F58D10C825DD156F00782B9B /* NewsCollectionCell.swift in Sources */,
				F554449225E022EE00AF3DE8 /* AnimationType.swift in Sources */,
				F55AF7CE25DC043500F53218 /* CommentButton.swift in Sources */,
				F54B489425E41D1D00C7347D /* SinglePhotoViewController.swift in Sources */,
				F552DC3A25CEEF2400F2633E /* GroupsTableViewCell.swift in Sources */,
				F5749DAE25D01DC300431A38 /* ColorUtils.swift in Sources */,
				F5588B5F25F5596E00D809D6 /* SingleNewsViewController.swift in Sources */,
				F5689DBE25E8FB3500C763EC /* NavigationAnimationDelegate.swift in Sources */,
				F5B0C45525F575A00089D80C /* GestureRecognizer.swift in Sources */,
				F55C6DF025CDF400007D608D /* GroupItemTableViewController.swift in Sources */,
				F51EE2E62607BFD200BDD884 /* VkApi.swift in Sources */,
				F51EE2EB2607CC0A00BDD884 /* LoginViewController.swift in Sources */,
				F54EFC4E25E3B6F100013698 /* SingleFriendColectionHeaderCell.swift in Sources */,
				F5689DAD25E8F7FE00C763EC /* FriendsNavigationViewController.swift in Sources */,
				F584DFCD25D1B94000FCC692 /* SingleFriendViewController.swift in Sources */,
				F5689DB425E8F8F900C763EC /* NavigationAnimationPresent.swift in Sources */,
				F5689DCE25E90D4300C763EC /* TransitionDelegate.swift in Sources */,
				F568B57825CF1E7000DAA783 /* VkUser.swift in Sources */,
				F5004C7125CE66FA00C79C50 /* UINavigationUtils.swift in Sources */,
				F5526F3A25E4513300734F07 /* PhotoProvider.swift in Sources */,
				F554448825DFFEF900AF3DE8 /* LoaderItem.swift in Sources */,
				F554448D25E01DB300AF3DE8 /* Shape.swift in Sources */,
				F5749DA425D0049000431A38 /* VkGroup.swift in Sources */,
				F5749DA925D0071B00431A38 /* GroupsProvider.swift in Sources */,
				F552AB1D25F76B1C000BACE0 /* ExpandableCell.swift in Sources */,
				F5004C6725CE660000C79C50 /* UsersTableViewController.swift in Sources */,
				F5526F3025E447FC00734F07 /* ParallaxCollectionViewLayout.swift in Sources */,
				F55C6DD925CDB876007D608D /* BottomTabsViewController.swift in Sources */,
				F5C38FD125D271530008440A /* AvatarView.swift in Sources */,
				F554447E25DFF2CD00AF3DE8 /* BaseView.swift in Sources */,
				F568B58125CF219300DAA783 /* UsersProvider.swift in Sources */,
				F55AF7D325DC04F300F53218 /* NewsProvider.swift in Sources */,
			);
			runOnlyForDeploymentPostprocessing = 0;
		};
		F593808E25C5737400904E6A /* Sources */ = {
			isa = PBXSourcesBuildPhase;
			buildActionMask = 2147483647;
			files = (
				F593809725C5737400904E6A /* iosuiTests.swift in Sources */,
			);
			runOnlyForDeploymentPostprocessing = 0;
		};
		F593809925C5737400904E6A /* Sources */ = {
			isa = PBXSourcesBuildPhase;
			buildActionMask = 2147483647;
			files = (
				F59380A225C5737400904E6A /* iosuiUITests.swift in Sources */,
			);
			runOnlyForDeploymentPostprocessing = 0;
		};
/* End PBXSourcesBuildPhase section */

/* Begin PBXTargetDependency section */
		F593809425C5737400904E6A /* PBXTargetDependency */ = {
			isa = PBXTargetDependency;
			target = F593807B25C5737300904E6A /* iosui */;
			targetProxy = F593809325C5737400904E6A /* PBXContainerItemProxy */;
		};
		F593809F25C5737400904E6A /* PBXTargetDependency */ = {
			isa = PBXTargetDependency;
			target = F593807B25C5737300904E6A /* iosui */;
			targetProxy = F593809E25C5737400904E6A /* PBXContainerItemProxy */;
		};
/* End PBXTargetDependency section */

/* Begin PBXVariantGroup section */
		F593808525C5737300904E6A /* Main.storyboard */ = {
			isa = PBXVariantGroup;
			children = (
				F593808625C5737300904E6A /* Base */,
			);
			name = Main.storyboard;
			sourceTree = "<group>";
		};
		F593808A25C5737400904E6A /* LaunchScreen.storyboard */ = {
			isa = PBXVariantGroup;
			children = (
				F593808B25C5737400904E6A /* Base */,
			);
			name = LaunchScreen.storyboard;
			sourceTree = "<group>";
		};
/* End PBXVariantGroup section */

/* Begin XCBuildConfiguration section */
		F59380A425C5737400904E6A /* Debug */ = {
			isa = XCBuildConfiguration;
			buildSettings = {
				ALWAYS_SEARCH_USER_PATHS = NO;
				CLANG_ANALYZER_NONNULL = YES;
				CLANG_ANALYZER_NUMBER_OBJECT_CONVERSION = YES_AGGRESSIVE;
				CLANG_CXX_LANGUAGE_STANDARD = "gnu++14";
				CLANG_CXX_LIBRARY = "libc++";
				CLANG_ENABLE_MODULES = YES;
				CLANG_ENABLE_OBJC_ARC = YES;
				CLANG_ENABLE_OBJC_WEAK = YES;
				CLANG_WARN_BLOCK_CAPTURE_AUTORELEASING = YES;
				CLANG_WARN_BOOL_CONVERSION = YES;
				CLANG_WARN_COMMA = YES;
				CLANG_WARN_CONSTANT_CONVERSION = YES;
				CLANG_WARN_DEPRECATED_OBJC_IMPLEMENTATIONS = YES;
				CLANG_WARN_DIRECT_OBJC_ISA_USAGE = YES_ERROR;
				CLANG_WARN_DOCUMENTATION_COMMENTS = YES;
				CLANG_WARN_EMPTY_BODY = YES;
				CLANG_WARN_ENUM_CONVERSION = YES;
				CLANG_WARN_INFINITE_RECURSION = YES;
				CLANG_WARN_INT_CONVERSION = YES;
				CLANG_WARN_NON_LITERAL_NULL_CONVERSION = YES;
				CLANG_WARN_OBJC_IMPLICIT_RETAIN_SELF = YES;
				CLANG_WARN_OBJC_LITERAL_CONVERSION = YES;
				CLANG_WARN_OBJC_ROOT_CLASS = YES_ERROR;
				CLANG_WARN_QUOTED_INCLUDE_IN_FRAMEWORK_HEADER = YES;
				CLANG_WARN_RANGE_LOOP_ANALYSIS = YES;
				CLANG_WARN_STRICT_PROTOTYPES = YES;
				CLANG_WARN_SUSPICIOUS_MOVE = YES;
				CLANG_WARN_UNGUARDED_AVAILABILITY = YES_AGGRESSIVE;
				CLANG_WARN_UNREACHABLE_CODE = YES;
				CLANG_WARN__DUPLICATE_METHOD_MATCH = YES;
				COPY_PHASE_STRIP = NO;
				DEBUG_INFORMATION_FORMAT = dwarf;
				ENABLE_STRICT_OBJC_MSGSEND = YES;
				ENABLE_TESTABILITY = YES;
				GCC_C_LANGUAGE_STANDARD = gnu11;
				GCC_DYNAMIC_NO_PIC = NO;
				GCC_NO_COMMON_BLOCKS = YES;
				GCC_OPTIMIZATION_LEVEL = 0;
				GCC_PREPROCESSOR_DEFINITIONS = (
					"DEBUG=1",
					"$(inherited)",
				);
				GCC_WARN_64_TO_32_BIT_CONVERSION = YES;
				GCC_WARN_ABOUT_RETURN_TYPE = YES_ERROR;
				GCC_WARN_UNDECLARED_SELECTOR = YES;
				GCC_WARN_UNINITIALIZED_AUTOS = YES_AGGRESSIVE;
				GCC_WARN_UNUSED_FUNCTION = YES;
				GCC_WARN_UNUSED_VARIABLE = YES;
				IPHONEOS_DEPLOYMENT_TARGET = 14.2;
				MTL_ENABLE_DEBUG_INFO = INCLUDE_SOURCE;
				MTL_FAST_MATH = YES;
				ONLY_ACTIVE_ARCH = YES;
				SDKROOT = iphoneos;
				SWIFT_ACTIVE_COMPILATION_CONDITIONS = DEBUG;
				SWIFT_OPTIMIZATION_LEVEL = "-Onone";
			};
			name = Debug;
		};
		F59380A525C5737400904E6A /* Release */ = {
			isa = XCBuildConfiguration;
			buildSettings = {
				ALWAYS_SEARCH_USER_PATHS = NO;
				CLANG_ANALYZER_NONNULL = YES;
				CLANG_ANALYZER_NUMBER_OBJECT_CONVERSION = YES_AGGRESSIVE;
				CLANG_CXX_LANGUAGE_STANDARD = "gnu++14";
				CLANG_CXX_LIBRARY = "libc++";
				CLANG_ENABLE_MODULES = YES;
				CLANG_ENABLE_OBJC_ARC = YES;
				CLANG_ENABLE_OBJC_WEAK = YES;
				CLANG_WARN_BLOCK_CAPTURE_AUTORELEASING = YES;
				CLANG_WARN_BOOL_CONVERSION = YES;
				CLANG_WARN_COMMA = YES;
				CLANG_WARN_CONSTANT_CONVERSION = YES;
				CLANG_WARN_DEPRECATED_OBJC_IMPLEMENTATIONS = YES;
				CLANG_WARN_DIRECT_OBJC_ISA_USAGE = YES_ERROR;
				CLANG_WARN_DOCUMENTATION_COMMENTS = YES;
				CLANG_WARN_EMPTY_BODY = YES;
				CLANG_WARN_ENUM_CONVERSION = YES;
				CLANG_WARN_INFINITE_RECURSION = YES;
				CLANG_WARN_INT_CONVERSION = YES;
				CLANG_WARN_NON_LITERAL_NULL_CONVERSION = YES;
				CLANG_WARN_OBJC_IMPLICIT_RETAIN_SELF = YES;
				CLANG_WARN_OBJC_LITERAL_CONVERSION = YES;
				CLANG_WARN_OBJC_ROOT_CLASS = YES_ERROR;
				CLANG_WARN_QUOTED_INCLUDE_IN_FRAMEWORK_HEADER = YES;
				CLANG_WARN_RANGE_LOOP_ANALYSIS = YES;
				CLANG_WARN_STRICT_PROTOTYPES = YES;
				CLANG_WARN_SUSPICIOUS_MOVE = YES;
				CLANG_WARN_UNGUARDED_AVAILABILITY = YES_AGGRESSIVE;
				CLANG_WARN_UNREACHABLE_CODE = YES;
				CLANG_WARN__DUPLICATE_METHOD_MATCH = YES;
				COPY_PHASE_STRIP = NO;
				DEBUG_INFORMATION_FORMAT = "dwarf-with-dsym";
				ENABLE_NS_ASSERTIONS = NO;
				ENABLE_STRICT_OBJC_MSGSEND = YES;
				GCC_C_LANGUAGE_STANDARD = gnu11;
				GCC_NO_COMMON_BLOCKS = YES;
				GCC_WARN_64_TO_32_BIT_CONVERSION = YES;
				GCC_WARN_ABOUT_RETURN_TYPE = YES_ERROR;
				GCC_WARN_UNDECLARED_SELECTOR = YES;
				GCC_WARN_UNINITIALIZED_AUTOS = YES_AGGRESSIVE;
				GCC_WARN_UNUSED_FUNCTION = YES;
				GCC_WARN_UNUSED_VARIABLE = YES;
				IPHONEOS_DEPLOYMENT_TARGET = 14.2;
				MTL_ENABLE_DEBUG_INFO = NO;
				MTL_FAST_MATH = YES;
				SDKROOT = iphoneos;
				SWIFT_COMPILATION_MODE = wholemodule;
				SWIFT_OPTIMIZATION_LEVEL = "-O";
				VALIDATE_PRODUCT = YES;
			};
			name = Release;
		};
		F59380A725C5737400904E6A /* Debug */ = {
			isa = XCBuildConfiguration;
			buildSettings = {
				ASSETCATALOG_COMPILER_APPICON_NAME = AppIcon;
				ASSETCATALOG_COMPILER_GLOBAL_ACCENT_COLOR_NAME = AccentColor;
				CODE_SIGN_STYLE = Automatic;
				DEVELOPMENT_TEAM = K7LNSMSNQ4;
				INFOPLIST_FILE = iosui/Info.plist;
				IPHONEOS_DEPLOYMENT_TARGET = 12.0;
				LD_RUNPATH_SEARCH_PATHS = (
					"$(inherited)",
					"@executable_path/Frameworks",
				);
				PRODUCT_BUNDLE_IDENTIFIER = com.vldrshv.iosui;
				PRODUCT_NAME = "$(TARGET_NAME)";
				SWIFT_VERSION = 5.0;
				TARGETED_DEVICE_FAMILY = "1,2";
			};
			name = Debug;
		};
		F59380A825C5737400904E6A /* Release */ = {
			isa = XCBuildConfiguration;
			buildSettings = {
				ASSETCATALOG_COMPILER_APPICON_NAME = AppIcon;
				ASSETCATALOG_COMPILER_GLOBAL_ACCENT_COLOR_NAME = AccentColor;
				CODE_SIGN_STYLE = Automatic;
				DEVELOPMENT_TEAM = K7LNSMSNQ4;
				INFOPLIST_FILE = iosui/Info.plist;
				IPHONEOS_DEPLOYMENT_TARGET = 12.0;
				LD_RUNPATH_SEARCH_PATHS = (
					"$(inherited)",
					"@executable_path/Frameworks",
				);
				PRODUCT_BUNDLE_IDENTIFIER = com.vldrshv.iosui;
				PRODUCT_NAME = "$(TARGET_NAME)";
				SWIFT_VERSION = 5.0;
				TARGETED_DEVICE_FAMILY = "1,2";
			};
			name = Release;
		};
		F59380AA25C5737400904E6A /* Debug */ = {
			isa = XCBuildConfiguration;
			buildSettings = {
				ALWAYS_EMBED_SWIFT_STANDARD_LIBRARIES = YES;
				BUNDLE_LOADER = "$(TEST_HOST)";
				CODE_SIGN_STYLE = Automatic;
				DEVELOPMENT_TEAM = K7LNSMSNQ4;
				INFOPLIST_FILE = iosuiTests/Info.plist;
				IPHONEOS_DEPLOYMENT_TARGET = 14.2;
				LD_RUNPATH_SEARCH_PATHS = (
					"$(inherited)",
					"@executable_path/Frameworks",
					"@loader_path/Frameworks",
				);
				PRODUCT_BUNDLE_IDENTIFIER = com.vldrshv.iosuiTests;
				PRODUCT_NAME = "$(TARGET_NAME)";
				SWIFT_VERSION = 5.0;
				TARGETED_DEVICE_FAMILY = "1,2";
				TEST_HOST = "$(BUILT_PRODUCTS_DIR)/iosui.app/iosui";
			};
			name = Debug;
		};
		F59380AB25C5737400904E6A /* Release */ = {
			isa = XCBuildConfiguration;
			buildSettings = {
				ALWAYS_EMBED_SWIFT_STANDARD_LIBRARIES = YES;
				BUNDLE_LOADER = "$(TEST_HOST)";
				CODE_SIGN_STYLE = Automatic;
				DEVELOPMENT_TEAM = K7LNSMSNQ4;
				INFOPLIST_FILE = iosuiTests/Info.plist;
				IPHONEOS_DEPLOYMENT_TARGET = 14.2;
				LD_RUNPATH_SEARCH_PATHS = (
					"$(inherited)",
					"@executable_path/Frameworks",
					"@loader_path/Frameworks",
				);
				PRODUCT_BUNDLE_IDENTIFIER = com.vldrshv.iosuiTests;
				PRODUCT_NAME = "$(TARGET_NAME)";
				SWIFT_VERSION = 5.0;
				TARGETED_DEVICE_FAMILY = "1,2";
				TEST_HOST = "$(BUILT_PRODUCTS_DIR)/iosui.app/iosui";
			};
			name = Release;
		};
		F59380AD25C5737400904E6A /* Debug */ = {
			isa = XCBuildConfiguration;
			buildSettings = {
				ALWAYS_EMBED_SWIFT_STANDARD_LIBRARIES = YES;
				CODE_SIGN_STYLE = Automatic;
				DEVELOPMENT_TEAM = K7LNSMSNQ4;
				INFOPLIST_FILE = iosuiUITests/Info.plist;
				LD_RUNPATH_SEARCH_PATHS = (
					"$(inherited)",
					"@executable_path/Frameworks",
					"@loader_path/Frameworks",
				);
				PRODUCT_BUNDLE_IDENTIFIER = com.vldrshv.iosuiUITests;
				PRODUCT_NAME = "$(TARGET_NAME)";
				SWIFT_VERSION = 5.0;
				TARGETED_DEVICE_FAMILY = "1,2";
				TEST_TARGET_NAME = iosui;
			};
			name = Debug;
		};
		F59380AE25C5737400904E6A /* Release */ = {
			isa = XCBuildConfiguration;
			buildSettings = {
				ALWAYS_EMBED_SWIFT_STANDARD_LIBRARIES = YES;
				CODE_SIGN_STYLE = Automatic;
				DEVELOPMENT_TEAM = K7LNSMSNQ4;
				INFOPLIST_FILE = iosuiUITests/Info.plist;
				LD_RUNPATH_SEARCH_PATHS = (
					"$(inherited)",
					"@executable_path/Frameworks",
					"@loader_path/Frameworks",
				);
				PRODUCT_BUNDLE_IDENTIFIER = com.vldrshv.iosuiUITests;
				PRODUCT_NAME = "$(TARGET_NAME)";
				SWIFT_VERSION = 5.0;
				TARGETED_DEVICE_FAMILY = "1,2";
				TEST_TARGET_NAME = iosui;
			};
			name = Release;
		};
/* End XCBuildConfiguration section */

/* Begin XCConfigurationList section */
		F593807725C5737300904E6A /* Build configuration list for PBXProject "iosui" */ = {
			isa = XCConfigurationList;
			buildConfigurations = (
				F59380A425C5737400904E6A /* Debug */,
				F59380A525C5737400904E6A /* Release */,
			);
			defaultConfigurationIsVisible = 0;
			defaultConfigurationName = Release;
		};
		F59380A625C5737400904E6A /* Build configuration list for PBXNativeTarget "iosui" */ = {
			isa = XCConfigurationList;
			buildConfigurations = (
				F59380A725C5737400904E6A /* Debug */,
				F59380A825C5737400904E6A /* Release */,
			);
			defaultConfigurationIsVisible = 0;
			defaultConfigurationName = Release;
		};
		F59380A925C5737400904E6A /* Build configuration list for PBXNativeTarget "iosuiTests" */ = {
			isa = XCConfigurationList;
			buildConfigurations = (
				F59380AA25C5737400904E6A /* Debug */,
				F59380AB25C5737400904E6A /* Release */,
			);
			defaultConfigurationIsVisible = 0;
			defaultConfigurationName = Release;
		};
		F59380AC25C5737400904E6A /* Build configuration list for PBXNativeTarget "iosuiUITests" */ = {
			isa = XCConfigurationList;
			buildConfigurations = (
				F59380AD25C5737400904E6A /* Debug */,
				F59380AE25C5737400904E6A /* Release */,
			);
			defaultConfigurationIsVisible = 0;
			defaultConfigurationName = Release;
		};
/* End XCConfigurationList section */
	};
	rootObject = F593807425C5737300904E6A /* Project object */;
}
